
Microsoft Visual Studio Solution File, Format Version 12.00
# Visual Studio 15
VisualStudioVersion = 15.0.26730.16
MinimumVisualStudioVersion = 10.0.40219.1
Project("{9A19103F-16F7-4668-BE54-9A1E7A4F7556}") = "task-1", "conditional-statements\task-1.csproj", "{652C4217-8059-4CBD-A613-C274DFD7B880}"
EndProject
Project("{FAE04EC0-301F-11D3-BF4B-00C04F79EFBC}") = "task-2", "task-2\task-2.csproj", "{778C4659-18D7-4192-8100-549C8C678055}"
EndProject
Project("{FAE04EC0-301F-11D3-BF4B-00C04F79EFBC}") = "task-3", "task-3\task-3.csproj", "{A326451E-E5BF-4EA6-941A-50EC630F7BC8}"
EndProject
Project("{FAE04EC0-301F-11D3-BF4B-00C04F79EFBC}") = "task-4", "task-4\task-4.csproj", "{B6679CBB-6B71-412B-89E4-4591A7A5C599}"
EndProject
Project("{FAE04EC0-301F-11D3-BF4B-00C04F79EFBC}") = "task-5", "task-5\task-5.csproj", "{355CFB28-2532-4CC0-BDFD-36FCAC49A6F3}"
EndProject
Global
	GlobalSection(SolutionConfigurationPlatforms) = preSolution
		Debug|Any CPU = Debug|Any CPU
		Release|Any CPU = Release|Any CPU
	EndGlobalSection
	GlobalSection(ProjectConfigurationPlatforms) = postSolution
		{652C4217-8059-4CBD-A613-C274DFD7B880}.Debug|Any CPU.ActiveCfg = Debug|Any CPU
		{652C4217-8059-4CBD-A613-C274DFD7B880}.Debug|Any CPU.Build.0 = Debug|Any CPU
		{652C4217-8059-4CBD-A613-C274DFD7B880}.Release|Any CPU.ActiveCfg = Release|Any CPU
		{652C4217-8059-4CBD-A613-C274DFD7B880}.Release|Any CPU.Build.0 = Release|Any CPU
		{778C4659-18D7-4192-8100-549C8C678055}.Debug|Any CPU.ActiveCfg = Debug|Any CPU
		{778C4659-18D7-4192-8100-549C8C678055}.Debug|Any CPU.Build.0 = Debug|Any CPU
		{778C4659-18D7-4192-8100-549C8C678055}.Release|Any CPU.ActiveCfg = Release|Any CPU
		{778C4659-18D7-4192-8100-549C8C678055}.Release|Any CPU.Build.0 = Release|Any CPU
		{A326451E-E5BF-4EA6-941A-50EC630F7BC8}.Debug|Any CPU.ActiveCfg = Debug|Any CPU
		{A326451E-E5BF-4EA6-941A-50EC630F7BC8}.Debug|Any CPU.Build.0 = Debug|Any CPU
		{A326451E-E5BF-4EA6-941A-50EC630F7BC8}.Release|Any CPU.ActiveCfg = Release|Any CPU
		{A326451E-E5BF-4EA6-941A-50EC630F7BC8}.Release|Any CPU.Build.0 = Release|Any CPU
		{B6679CBB-6B71-412B-89E4-4591A7A5C599}.Debug|Any CPU.ActiveCfg = Debug|Any CPU
		{B6679CBB-6B71-412B-89E4-4591A7A5C599}.Debug|Any CPU.Build.0 = Debug|Any CPU
		{B6679CBB-6B71-412B-89E4-4591A7A5C599}.Release|Any CPU.ActiveCfg = Release|Any CPU
		{B6679CBB-6B71-412B-89E4-4591A7A5C599}.Release|Any CPU.Build.0 = Release|Any CPU
		{355CFB28-2532-4CC0-BDFD-36FCAC49A6F3}.Debug|Any CPU.ActiveCfg = Debug|Any CPU
		{355CFB28-2532-4CC0-BDFD-36FCAC49A6F3}.Debug|Any CPU.Build.0 = Debug|Any CPU
		{355CFB28-2532-4CC0-BDFD-36FCAC49A6F3}.Release|Any CPU.ActiveCfg = Release|Any CPU
		{355CFB28-2532-4CC0-BDFD-36FCAC49A6F3}.Release|Any CPU.Build.0 = Release|Any CPU
	EndGlobalSection
	GlobalSection(SolutionProperties) = preSolution
		HideSolutionNode = FALSE
	EndGlobalSection
	GlobalSection(ExtensibilityGlobals) = postSolution
		SolutionGuid = {63E50B70-0B29-4108-9FFB-512585C1B0ED}
	EndGlobalSection
EndGlobal
