
Microsoft Visual Studio Solution File, Format Version 12.00
# Visual Studio 15
VisualStudioVersion = 15.0.26730.16
MinimumVisualStudioVersion = 10.0.40219.1
Project("{FAE04EC0-301F-11D3-BF4B-00C04F79EFBC}") = "Task 6.0", "Task 6.0\Task 6.0.csproj", "{0C525B1B-A85F-4B67-86C3-4E2CE8087160}"
EndProject
Global
	GlobalSection(SolutionConfigurationPlatforms) = preSolution
		Debug|Any CPU = Debug|Any CPU
		Release|Any CPU = Release|Any CPU
	EndGlobalSection
	GlobalSection(ProjectConfigurationPlatforms) = postSolution
		{0C525B1B-A85F-4B67-86C3-4E2CE8087160}.Debug|Any CPU.ActiveCfg = Debug|Any CPU
		{0C525B1B-A85F-4B67-86C3-4E2CE8087160}.Debug|Any CPU.Build.0 = Debug|Any CPU
		{0C525B1B-A85F-4B67-86C3-4E2CE8087160}.Release|Any CPU.ActiveCfg = Release|Any CPU
		{0C525B1B-A85F-4B67-86C3-4E2CE8087160}.Release|Any CPU.Build.0 = Release|Any CPU
	EndGlobalSection
	GlobalSection(SolutionProperties) = preSolution
		HideSolutionNode = FALSE
	EndGlobalSection
	GlobalSection(ExtensibilityGlobals) = postSolution
		SolutionGuid = {ADFC4CE7-E66C-43C6-8D71-C989084258C6}
	EndGlobalSection
EndGlobal
