
Microsoft Visual Studio Solution File, Format Version 12.00
# Visual Studio 15
VisualStudioVersion = 15.0.26730.16
MinimumVisualStudioVersion = 10.0.40219.1
Project("{FAE04EC0-301F-11D3-BF4B-00C04F79EFBC}") = "extra task 1", "extra task 1\extra task 1.csproj", "{FA2FE82D-831C-448B-B021-581F2F9B31F3}"
EndProject
Project("{FAE04EC0-301F-11D3-BF4B-00C04F79EFBC}") = "extra task 2", "extra task 2\extra task 2.csproj", "{68720618-B2AE-4274-802B-992CBBB39725}"
EndProject
Global
	GlobalSection(SolutionConfigurationPlatforms) = preSolution
		Debug|Any CPU = Debug|Any CPU
		Release|Any CPU = Release|Any CPU
	EndGlobalSection
	GlobalSection(ProjectConfigurationPlatforms) = postSolution
		{FA2FE82D-831C-448B-B021-581F2F9B31F3}.Debug|Any CPU.ActiveCfg = Debug|Any CPU
		{FA2FE82D-831C-448B-B021-581F2F9B31F3}.Debug|Any CPU.Build.0 = Debug|Any CPU
		{FA2FE82D-831C-448B-B021-581F2F9B31F3}.Release|Any CPU.ActiveCfg = Release|Any CPU
		{FA2FE82D-831C-448B-B021-581F2F9B31F3}.Release|Any CPU.Build.0 = Release|Any CPU
		{68720618-B2AE-4274-802B-992CBBB39725}.Debug|Any CPU.ActiveCfg = Debug|Any CPU
		{68720618-B2AE-4274-802B-992CBBB39725}.Debug|Any CPU.Build.0 = Debug|Any CPU
		{68720618-B2AE-4274-802B-992CBBB39725}.Release|Any CPU.ActiveCfg = Release|Any CPU
		{68720618-B2AE-4274-802B-992CBBB39725}.Release|Any CPU.Build.0 = Release|Any CPU
	EndGlobalSection
	GlobalSection(SolutionProperties) = preSolution
		HideSolutionNode = FALSE
	EndGlobalSection
	GlobalSection(ExtensibilityGlobals) = postSolution
		SolutionGuid = {3392B10C-20FC-4182-A321-E36B947A669A}
	EndGlobalSection
EndGlobal
