
Microsoft Visual Studio Solution File, Format Version 12.00
# Visual Studio 15
VisualStudioVersion = 15.0.26730.16
MinimumVisualStudioVersion = 10.0.40219.1
Project("{9A19103F-16F7-4668-BE54-9A1E7A4F7556}") = "if 2", "if 2\if 2.csproj", "{088C1039-7857-4551-AFE9-862F9B6ED968}"
EndProject
Project("{9A19103F-16F7-4668-BE54-9A1E7A4F7556}") = "testikenttä", "ConsoleApp1\testikenttä.csproj", "{5B5C5DFE-EDAC-494A-A4D5-36E53F1E176A}"
EndProject
Project("{9A19103F-16F7-4668-BE54-9A1E7A4F7556}") = "task3.1", "ConsoleApp2\task3.1.csproj", "{8DF74491-F74A-4ECD-9CD1-95140911E143}"
EndProject
Project("{9A19103F-16F7-4668-BE54-9A1E7A4F7556}") = "task 3.2", "task 3.2\task 3.2.csproj", "{BB12D052-0F53-471B-BB26-735DE22D5EF4}"
EndProject
Project("{FAE04EC0-301F-11D3-BF4B-00C04F79EFBC}") = "task 3.3", "task 3.3\task 3.3.csproj", "{44EAF673-E150-4771-899C-F439B34C5037}"
EndProject
Global
	GlobalSection(SolutionConfigurationPlatforms) = preSolution
		Debug|Any CPU = Debug|Any CPU
		Release|Any CPU = Release|Any CPU
	EndGlobalSection
	GlobalSection(ProjectConfigurationPlatforms) = postSolution
		{088C1039-7857-4551-AFE9-862F9B6ED968}.Debug|Any CPU.ActiveCfg = Debug|Any CPU
		{088C1039-7857-4551-AFE9-862F9B6ED968}.Debug|Any CPU.Build.0 = Debug|Any CPU
		{088C1039-7857-4551-AFE9-862F9B6ED968}.Release|Any CPU.ActiveCfg = Release|Any CPU
		{088C1039-7857-4551-AFE9-862F9B6ED968}.Release|Any CPU.Build.0 = Release|Any CPU
		{5B5C5DFE-EDAC-494A-A4D5-36E53F1E176A}.Debug|Any CPU.ActiveCfg = Debug|Any CPU
		{5B5C5DFE-EDAC-494A-A4D5-36E53F1E176A}.Debug|Any CPU.Build.0 = Debug|Any CPU
		{5B5C5DFE-EDAC-494A-A4D5-36E53F1E176A}.Release|Any CPU.ActiveCfg = Release|Any CPU
		{5B5C5DFE-EDAC-494A-A4D5-36E53F1E176A}.Release|Any CPU.Build.0 = Release|Any CPU
		{8DF74491-F74A-4ECD-9CD1-95140911E143}.Debug|Any CPU.ActiveCfg = Debug|Any CPU
		{8DF74491-F74A-4ECD-9CD1-95140911E143}.Debug|Any CPU.Build.0 = Debug|Any CPU
		{8DF74491-F74A-4ECD-9CD1-95140911E143}.Release|Any CPU.ActiveCfg = Release|Any CPU
		{8DF74491-F74A-4ECD-9CD1-95140911E143}.Release|Any CPU.Build.0 = Release|Any CPU
		{BB12D052-0F53-471B-BB26-735DE22D5EF4}.Debug|Any CPU.ActiveCfg = Debug|Any CPU
		{BB12D052-0F53-471B-BB26-735DE22D5EF4}.Debug|Any CPU.Build.0 = Debug|Any CPU
		{BB12D052-0F53-471B-BB26-735DE22D5EF4}.Release|Any CPU.ActiveCfg = Release|Any CPU
		{BB12D052-0F53-471B-BB26-735DE22D5EF4}.Release|Any CPU.Build.0 = Release|Any CPU
		{44EAF673-E150-4771-899C-F439B34C5037}.Debug|Any CPU.ActiveCfg = Debug|Any CPU
		{44EAF673-E150-4771-899C-F439B34C5037}.Debug|Any CPU.Build.0 = Debug|Any CPU
		{44EAF673-E150-4771-899C-F439B34C5037}.Release|Any CPU.ActiveCfg = Release|Any CPU
		{44EAF673-E150-4771-899C-F439B34C5037}.Release|Any CPU.Build.0 = Release|Any CPU
	EndGlobalSection
	GlobalSection(SolutionProperties) = preSolution
		HideSolutionNode = FALSE
	EndGlobalSection
	GlobalSection(ExtensibilityGlobals) = postSolution
		SolutionGuid = {2C4E262C-A379-4F05-894C-24B9DEBB2C6A}
	EndGlobalSection
EndGlobal
