
Microsoft Visual Studio Solution File, Format Version 12.00
# Visual Studio 15
VisualStudioVersion = 15.0.26730.16
MinimumVisualStudioVersion = 10.0.40219.1
Project("{FAE04EC0-301F-11D3-BF4B-00C04F79EFBC}") = "Task 7.1", "Task 7.1\Task 7.1.csproj", "{31A3B926-0511-475C-AA33-F40D4B455035}"
EndProject
Global
	GlobalSection(SolutionConfigurationPlatforms) = preSolution
		Debug|Any CPU = Debug|Any CPU
		Release|Any CPU = Release|Any CPU
	EndGlobalSection
	GlobalSection(ProjectConfigurationPlatforms) = postSolution
		{31A3B926-0511-475C-AA33-F40D4B455035}.Debug|Any CPU.ActiveCfg = Debug|Any CPU
		{31A3B926-0511-475C-AA33-F40D4B455035}.Debug|Any CPU.Build.0 = Debug|Any CPU
		{31A3B926-0511-475C-AA33-F40D4B455035}.Release|Any CPU.ActiveCfg = Release|Any CPU
		{31A3B926-0511-475C-AA33-F40D4B455035}.Release|Any CPU.Build.0 = Release|Any CPU
	EndGlobalSection
	GlobalSection(SolutionProperties) = preSolution
		HideSolutionNode = FALSE
	EndGlobalSection
	GlobalSection(ExtensibilityGlobals) = postSolution
		SolutionGuid = {FED4911E-27E9-4E36-84F4-95840AB478EF}
	EndGlobalSection
EndGlobal
